// !$*UTF8*$!
{
	archiveVersion = 1;
	classes = {
	};
	objectVersion = 46;
	objects = {

/* Begin PBXBuildFile section */
		05A35EBCE1030F995FB53720 /* Pods_mailacoconut.framework in Frameworks */ = {isa = PBXBuildFile; fileRef = F5FCC348562CBC7A85E93E89 /* Pods_mailacoconut.framework */; };
		C1A821191CC5574D009E562B /* TutorialViewController.swift in Sources */ = {isa = PBXBuildFile; fileRef = C1A821181CC5574D009E562B /* TutorialViewController.swift */; };
		C1A8211B1CC5AD44009E562B /* Defaults.plist in Resources */ = {isa = PBXBuildFile; fileRef = C1A8211A1CC5AD44009E562B /* Defaults.plist */; };
		C1B3976F1CB5919F00F7272C /* PayPalInitializer.m in Sources */ = {isa = PBXBuildFile; fileRef = C1B3976E1CB5919F00F7272C /* PayPalInitializer.m */; };
		C1B397721CB5929A00F7272C /* PayPalViewController.m in Sources */ = {isa = PBXBuildFile; fileRef = C1B397711CB5929A00F7272C /* PayPalViewController.m */; };
		C1B397741CB5A60300F7272C /* FlipsideViewController.swift in Sources */ = {isa = PBXBuildFile; fileRef = C1B397731CB5A60300F7272C /* FlipsideViewController.swift */; };
		C1C93ED61CB3FF0200E404E3 /* AppDelegate.swift in Sources */ = {isa = PBXBuildFile; fileRef = C1C93ED51CB3FF0200E404E3 /* AppDelegate.swift */; };
		C1C93ED81CB3FF0200E404E3 /* ViewController.swift in Sources */ = {isa = PBXBuildFile; fileRef = C1C93ED71CB3FF0200E404E3 /* ViewController.swift */; };
		C1C93EDB1CB3FF0200E404E3 /* Main.storyboard in Resources */ = {isa = PBXBuildFile; fileRef = C1C93ED91CB3FF0200E404E3 /* Main.storyboard */; };
		C1C93EDE1CB3FF0200E404E3 /* mailacoconut_ios.xcdatamodeld in Sources */ = {isa = PBXBuildFile; fileRef = C1C93EDC1CB3FF0200E404E3 /* mailacoconut_ios.xcdatamodeld */; };
		C1C93EE01CB3FF0200E404E3 /* Assets.xcassets in Resources */ = {isa = PBXBuildFile; fileRef = C1C93EDF1CB3FF0200E404E3 /* Assets.xcassets */; };
		C1C93EE31CB3FF0200E404E3 /* LaunchScreen.storyboard in Resources */ = {isa = PBXBuildFile; fileRef = C1C93EE11CB3FF0200E404E3 /* LaunchScreen.storyboard */; };
		C1C93EEE1CB3FF0200E404E3 /* mailacoconut_iosTests.swift in Sources */ = {isa = PBXBuildFile; fileRef = C1C93EED1CB3FF0200E404E3 /* mailacoconut_iosTests.swift */; };
		C1C93EF91CB3FF0200E404E3 /* mailacoconut_iosUITests.swift in Sources */ = {isa = PBXBuildFile; fileRef = C1C93EF81CB3FF0200E404E3 /* mailacoconut_iosUITests.swift */; };
		C1C93F0A1CB3FF6500E404E3 /* Address.swift in Sources */ = {isa = PBXBuildFile; fileRef = C1C93F061CB3FF6500E404E3 /* Address.swift */; };
		C1C93F0B1CB3FF6500E404E3 /* CoconuMessageCell.swift in Sources */ = {isa = PBXBuildFile; fileRef = C1C93F081CB3FF6500E404E3 /* CoconuMessageCell.swift */; };
		C1C93F0C1CB3FF6500E404E3 /* CoconutMessage.swift in Sources */ = {isa = PBXBuildFile; fileRef = C1C93F091CB3FF6500E404E3 /* CoconutMessage.swift */; };
		C1C93F0F1CB4012700E404E3 /* Stripe.framework in Frameworks */ = {isa = PBXBuildFile; fileRef = C1C93F0E1CB4012700E404E3 /* Stripe.framework */; };
		C1C93F101CB4012700E404E3 /* Stripe.framework in Frameworks */ = {isa = PBXBuildFile; fileRef = C1C93F0E1CB4012700E404E3 /* Stripe.framework */; };
		C1C93F111CB4012700E404E3 /* Stripe.framework in Frameworks */ = {isa = PBXBuildFile; fileRef = C1C93F0E1CB4012700E404E3 /* Stripe.framework */; };
		C1C93F131CB4014400E404E3 /* Chartboost.framework in Frameworks */ = {isa = PBXBuildFile; fileRef = C1C93F121CB4014400E404E3 /* Chartboost.framework */; };
		C1C93F141CB4014400E404E3 /* Chartboost.framework in Frameworks */ = {isa = PBXBuildFile; fileRef = C1C93F121CB4014400E404E3 /* Chartboost.framework */; };
		C1C93F151CB4014400E404E3 /* Chartboost.framework in Frameworks */ = {isa = PBXBuildFile; fileRef = C1C93F121CB4014400E404E3 /* Chartboost.framework */; };
		C1C93F171CB4017100E404E3 /* UIKit.framework in Frameworks */ = {isa = PBXBuildFile; fileRef = C1C93F161CB4017100E404E3 /* UIKit.framework */; };
		C1C93F191CB4017B00E404E3 /* CoreGraphics.framework in Frameworks */ = {isa = PBXBuildFile; fileRef = C1C93F181CB4017B00E404E3 /* CoreGraphics.framework */; };
		C1C93F1B1CB4018100E404E3 /* Foundation.framework in Frameworks */ = {isa = PBXBuildFile; fileRef = C1C93F1A1CB4018100E404E3 /* Foundation.framework */; };
		C1C93F1D1CB4018700E404E3 /* StoreKit.framework in Frameworks */ = {isa = PBXBuildFile; fileRef = C1C93F1C1CB4018700E404E3 /* StoreKit.framework */; };
/* End PBXBuildFile section */

/* Begin PBXContainerItemProxy section */
		C1C93EEA1CB3FF0200E404E3 /* PBXContainerItemProxy */ = {
			isa = PBXContainerItemProxy;
			containerPortal = C1C93ECA1CB3FF0200E404E3 /* Project object */;
			proxyType = 1;
			remoteGlobalIDString = C1C93ED11CB3FF0200E404E3;
			remoteInfo = "mailacoconut-ios";
		};
		C1C93EF51CB3FF0200E404E3 /* PBXContainerItemProxy */ = {
			isa = PBXContainerItemProxy;
			containerPortal = C1C93ECA1CB3FF0200E404E3 /* Project object */;
			proxyType = 1;
			remoteGlobalIDString = C1C93ED11CB3FF0200E404E3;
			remoteInfo = "mailacoconut-ios";
		};
/* End PBXContainerItemProxy section */

/* Begin PBXFileReference section */
		6B0FCF117892CE398F7E5173 /* Pods-mailacoconut.debug.xcconfig */ = {isa = PBXFileReference; includeInIndex = 1; lastKnownFileType = text.xcconfig; name = "Pods-mailacoconut.debug.xcconfig"; path = "Pods/Target Support Files/Pods-mailacoconut/Pods-mailacoconut.debug.xcconfig"; sourceTree = "<group>"; };
		9A6306B68EBE84EA908F7123 /* Pods-mailacoconut.release.xcconfig */ = {isa = PBXFileReference; includeInIndex = 1; lastKnownFileType = text.xcconfig; name = "Pods-mailacoconut.release.xcconfig"; path = "Pods/Target Support Files/Pods-mailacoconut/Pods-mailacoconut.release.xcconfig"; sourceTree = "<group>"; };
		C18767982241737100F2152B /* mailacoconut.entitlements */ = {isa = PBXFileReference; lastKnownFileType = text.plist.entitlements; path = mailacoconut.entitlements; sourceTree = "<group>"; };
		C1A821181CC5574D009E562B /* TutorialViewController.swift */ = {isa = PBXFileReference; fileEncoding = 4; lastKnownFileType = sourcecode.swift; path = TutorialViewController.swift; sourceTree = "<group>"; };
		C1A8211A1CC5AD44009E562B /* Defaults.plist */ = {isa = PBXFileReference; fileEncoding = 4; lastKnownFileType = text.plist.xml; path = Defaults.plist; sourceTree = "<group>"; };
		C1B3976D1CB5919F00F7272C /* PayPalInitializer.h */ = {isa = PBXFileReference; fileEncoding = 4; lastKnownFileType = sourcecode.c.h; path = PayPalInitializer.h; sourceTree = "<group>"; };
		C1B3976E1CB5919F00F7272C /* PayPalInitializer.m */ = {isa = PBXFileReference; fileEncoding = 4; lastKnownFileType = sourcecode.c.objc; path = PayPalInitializer.m; sourceTree = "<group>"; };
		C1B397701CB5929A00F7272C /* PayPalViewController.h */ = {isa = PBXFileReference; fileEncoding = 4; lastKnownFileType = sourcecode.c.h; path = PayPalViewController.h; sourceTree = "<group>"; };
		C1B397711CB5929A00F7272C /* PayPalViewController.m */ = {isa = PBXFileReference; fileEncoding = 4; lastKnownFileType = sourcecode.c.objc; path = PayPalViewController.m; sourceTree = "<group>"; };
		C1B397731CB5A60300F7272C /* FlipsideViewController.swift */ = {isa = PBXFileReference; fileEncoding = 4; lastKnownFileType = sourcecode.swift; path = FlipsideViewController.swift; sourceTree = "<group>"; };
		C1C93ED21CB3FF0200E404E3 /* mailacoconut.app */ = {isa = PBXFileReference; explicitFileType = wrapper.application; includeInIndex = 0; path = mailacoconut.app; sourceTree = BUILT_PRODUCTS_DIR; };
		C1C93ED51CB3FF0200E404E3 /* AppDelegate.swift */ = {isa = PBXFileReference; lastKnownFileType = sourcecode.swift; path = AppDelegate.swift; sourceTree = "<group>"; };
		C1C93ED71CB3FF0200E404E3 /* ViewController.swift */ = {isa = PBXFileReference; lastKnownFileType = sourcecode.swift; path = ViewController.swift; sourceTree = "<group>"; };
		C1C93EDA1CB3FF0200E404E3 /* Base */ = {isa = PBXFileReference; lastKnownFileType = file.storyboard; name = Base; path = Base.lproj/Main.storyboard; sourceTree = "<group>"; };
		C1C93EDD1CB3FF0200E404E3 /* mailacoconut_ios.xcdatamodel */ = {isa = PBXFileReference; lastKnownFileType = wrapper.xcdatamodel; path = mailacoconut_ios.xcdatamodel; sourceTree = "<group>"; };
		C1C93EDF1CB3FF0200E404E3 /* Assets.xcassets */ = {isa = PBXFileReference; lastKnownFileType = folder.assetcatalog; path = Assets.xcassets; sourceTree = "<group>"; };
		C1C93EE21CB3FF0200E404E3 /* Base */ = {isa = PBXFileReference; lastKnownFileType = file.storyboard; name = Base; path = Base.lproj/LaunchScreen.storyboard; sourceTree = "<group>"; };
		C1C93EE41CB3FF0200E404E3 /* Info.plist */ = {isa = PBXFileReference; lastKnownFileType = text.plist.xml; path = Info.plist; sourceTree = "<group>"; };
		C1C93EE91CB3FF0200E404E3 /* mailacoconut.xctest */ = {isa = PBXFileReference; explicitFileType = wrapper.cfbundle; includeInIndex = 0; path = mailacoconut.xctest; sourceTree = BUILT_PRODUCTS_DIR; };
		C1C93EED1CB3FF0200E404E3 /* mailacoconut_iosTests.swift */ = {isa = PBXFileReference; lastKnownFileType = sourcecode.swift; path = mailacoconut_iosTests.swift; sourceTree = "<group>"; };
		C1C93EEF1CB3FF0200E404E3 /* Info.plist */ = {isa = PBXFileReference; lastKnownFileType = text.plist.xml; path = Info.plist; sourceTree = "<group>"; };
		C1C93EF41CB3FF0200E404E3 /* mailacoconut.xctest */ = {isa = PBXFileReference; explicitFileType = wrapper.cfbundle; includeInIndex = 0; path = mailacoconut.xctest; sourceTree = BUILT_PRODUCTS_DIR; };
		C1C93EF81CB3FF0200E404E3 /* mailacoconut_iosUITests.swift */ = {isa = PBXFileReference; lastKnownFileType = sourcecode.swift; path = mailacoconut_iosUITests.swift; sourceTree = "<group>"; };
		C1C93EFA1CB3FF0200E404E3 /* Info.plist */ = {isa = PBXFileReference; lastKnownFileType = text.plist.xml; path = Info.plist; sourceTree = "<group>"; };
		C1C93F061CB3FF6500E404E3 /* Address.swift */ = {isa = PBXFileReference; fileEncoding = 4; lastKnownFileType = sourcecode.swift; path = Address.swift; sourceTree = "<group>"; };
		C1C93F071CB3FF6500E404E3 /* ApplePaySwag-Bridging-Header.h */ = {isa = PBXFileReference; fileEncoding = 4; lastKnownFileType = sourcecode.c.h; path = "ApplePaySwag-Bridging-Header.h"; sourceTree = "<group>"; };
		C1C93F081CB3FF6500E404E3 /* CoconuMessageCell.swift */ = {isa = PBXFileReference; fileEncoding = 4; lastKnownFileType = sourcecode.swift; path = CoconuMessageCell.swift; sourceTree = "<group>"; };
		C1C93F091CB3FF6500E404E3 /* CoconutMessage.swift */ = {isa = PBXFileReference; fileEncoding = 4; lastKnownFileType = sourcecode.swift; path = CoconutMessage.swift; sourceTree = "<group>"; };
		C1C93F0D1CB400E000E404E3 /* mailacoconut-ios.entitlements */ = {isa = PBXFileReference; lastKnownFileType = text.xml; path = "mailacoconut-ios.entitlements"; sourceTree = "<group>"; };
		C1C93F0E1CB4012700E404E3 /* Stripe.framework */ = {isa = PBXFileReference; lastKnownFileType = wrapper.framework; name = Stripe.framework; path = "mailacoconut-ios/Stripe.framework"; sourceTree = "<group>"; };
		C1C93F121CB4014400E404E3 /* Chartboost.framework */ = {isa = PBXFileReference; lastKnownFileType = wrapper.framework; name = Chartboost.framework; path = "mailacoconut-ios/Chartboost.framework"; sourceTree = "<group>"; };
		C1C93F161CB4017100E404E3 /* UIKit.framework */ = {isa = PBXFileReference; lastKnownFileType = wrapper.framework; name = UIKit.framework; path = System/Library/Frameworks/UIKit.framework; sourceTree = SDKROOT; };
		C1C93F181CB4017B00E404E3 /* CoreGraphics.framework */ = {isa = PBXFileReference; lastKnownFileType = wrapper.framework; name = CoreGraphics.framework; path = System/Library/Frameworks/CoreGraphics.framework; sourceTree = SDKROOT; };
		C1C93F1A1CB4018100E404E3 /* Foundation.framework */ = {isa = PBXFileReference; lastKnownFileType = wrapper.framework; name = Foundation.framework; path = System/Library/Frameworks/Foundation.framework; sourceTree = SDKROOT; };
		C1C93F1C1CB4018700E404E3 /* StoreKit.framework */ = {isa = PBXFileReference; lastKnownFileType = wrapper.framework; name = StoreKit.framework; path = System/Library/Frameworks/StoreKit.framework; sourceTree = SDKROOT; };
		F5FCC348562CBC7A85E93E89 /* Pods_mailacoconut.framework */ = {isa = PBXFileReference; explicitFileType = wrapper.framework; includeInIndex = 0; path = Pods_mailacoconut.framework; sourceTree = BUILT_PRODUCTS_DIR; };
/* End PBXFileReference section */

/* Begin PBXFrameworksBuildPhase section */
		C1C93ECF1CB3FF0200E404E3 /* Frameworks */ = {
			isa = PBXFrameworksBuildPhase;
			buildActionMask = 2147483647;
			files = (
				C1C93F1D1CB4018700E404E3 /* StoreKit.framework in Frameworks */,
				C1C93F1B1CB4018100E404E3 /* Foundation.framework in Frameworks */,
				C1C93F191CB4017B00E404E3 /* CoreGraphics.framework in Frameworks */,
				C1C93F171CB4017100E404E3 /* UIKit.framework in Frameworks */,
				C1C93F0F1CB4012700E404E3 /* Stripe.framework in Frameworks */,
				C1C93F131CB4014400E404E3 /* Chartboost.framework in Frameworks */,
				05A35EBCE1030F995FB53720 /* Pods_mailacoconut.framework in Frameworks */,
			);
			runOnlyForDeploymentPostprocessing = 0;
		};
		C1C93EE61CB3FF0200E404E3 /* Frameworks */ = {
			isa = PBXFrameworksBuildPhase;
			buildActionMask = 2147483647;
			files = (
				C1C93F101CB4012700E404E3 /* Stripe.framework in Frameworks */,
				C1C93F141CB4014400E404E3 /* Chartboost.framework in Frameworks */,
			);
			runOnlyForDeploymentPostprocessing = 0;
		};
		C1C93EF11CB3FF0200E404E3 /* Frameworks */ = {
			isa = PBXFrameworksBuildPhase;
			buildActionMask = 2147483647;
			files = (
				C1C93F111CB4012700E404E3 /* Stripe.framework in Frameworks */,
				C1C93F151CB4014400E404E3 /* Chartboost.framework in Frameworks */,
			);
			runOnlyForDeploymentPostprocessing = 0;
		};
/* End PBXFrameworksBuildPhase section */

/* Begin PBXGroup section */
		AFA211620C85C421FC1DD30C /* Pods */ = {
			isa = PBXGroup;
			children = (
				6B0FCF117892CE398F7E5173 /* Pods-mailacoconut.debug.xcconfig */,
				9A6306B68EBE84EA908F7123 /* Pods-mailacoconut.release.xcconfig */,
			);
			name = Pods;
			sourceTree = "<group>";
		};
		C1C93EC91CB3FF0200E404E3 = {
			isa = PBXGroup;
			children = (
				C18767982241737100F2152B /* mailacoconut.entitlements */,
				C1C93F1E1CB4018E00E404E3 /* Frameworks */,
				C1C93ED41CB3FF0200E404E3 /* mailacoconut-ios */,
				C1C93EEC1CB3FF0200E404E3 /* mailacoconut-iosTests */,
				C1C93EF71CB3FF0200E404E3 /* mailacoconut-iosUITests */,
				C1C93ED31CB3FF0200E404E3 /* Products */,
				AFA211620C85C421FC1DD30C /* Pods */,
			);
			sourceTree = "<group>";
		};
		C1C93ED31CB3FF0200E404E3 /* Products */ = {
			isa = PBXGroup;
			children = (
				C1C93ED21CB3FF0200E404E3 /* mailacoconut.app */,
				C1C93EE91CB3FF0200E404E3 /* mailacoconut.xctest */,
				C1C93EF41CB3FF0200E404E3 /* mailacoconut.xctest */,
			);
			name = Products;
			sourceTree = "<group>";
		};
		C1C93ED41CB3FF0200E404E3 /* mailacoconut-ios */ = {
			isa = PBXGroup;
			children = (
				C1C93F0D1CB400E000E404E3 /* mailacoconut-ios.entitlements */,
				C1C93F061CB3FF6500E404E3 /* Address.swift */,
				C1C93F071CB3FF6500E404E3 /* ApplePaySwag-Bridging-Header.h */,
				C1C93F081CB3FF6500E404E3 /* CoconuMessageCell.swift */,
				C1C93F091CB3FF6500E404E3 /* CoconutMessage.swift */,
				C1C93ED51CB3FF0200E404E3 /* AppDelegate.swift */,
				C1B397731CB5A60300F7272C /* FlipsideViewController.swift */,
				C1C93ED71CB3FF0200E404E3 /* ViewController.swift */,
				C1C93ED91CB3FF0200E404E3 /* Main.storyboard */,
				C1C93EDF1CB3FF0200E404E3 /* Assets.xcassets */,
				C1C93EE11CB3FF0200E404E3 /* LaunchScreen.storyboard */,
				C1C93EE41CB3FF0200E404E3 /* Info.plist */,
				C1C93EDC1CB3FF0200E404E3 /* mailacoconut_ios.xcdatamodeld */,
				C1B3976D1CB5919F00F7272C /* PayPalInitializer.h */,
				C1B3976E1CB5919F00F7272C /* PayPalInitializer.m */,
				C1B397701CB5929A00F7272C /* PayPalViewController.h */,
				C1B397711CB5929A00F7272C /* PayPalViewController.m */,
				C1A821181CC5574D009E562B /* TutorialViewController.swift */,
				C1A8211A1CC5AD44009E562B /* Defaults.plist */,
			);
			path = "mailacoconut-ios";
			sourceTree = "<group>";
		};
		C1C93EEC1CB3FF0200E404E3 /* mailacoconut-iosTests */ = {
			isa = PBXGroup;
			children = (
				C1C93EED1CB3FF0200E404E3 /* mailacoconut_iosTests.swift */,
				C1C93EEF1CB3FF0200E404E3 /* Info.plist */,
			);
			path = "mailacoconut-iosTests";
			sourceTree = "<group>";
		};
		C1C93EF71CB3FF0200E404E3 /* mailacoconut-iosUITests */ = {
			isa = PBXGroup;
			children = (
				C1C93EF81CB3FF0200E404E3 /* mailacoconut_iosUITests.swift */,
				C1C93EFA1CB3FF0200E404E3 /* Info.plist */,
			);
			path = "mailacoconut-iosUITests";
			sourceTree = "<group>";
		};
		C1C93F1E1CB4018E00E404E3 /* Frameworks */ = {
			isa = PBXGroup;
			children = (
				C1C93F1C1CB4018700E404E3 /* StoreKit.framework */,
				C1C93F1A1CB4018100E404E3 /* Foundation.framework */,
				C1C93F181CB4017B00E404E3 /* CoreGraphics.framework */,
				C1C93F161CB4017100E404E3 /* UIKit.framework */,
				C1C93F121CB4014400E404E3 /* Chartboost.framework */,
				C1C93F0E1CB4012700E404E3 /* Stripe.framework */,
				F5FCC348562CBC7A85E93E89 /* Pods_mailacoconut.framework */,
			);
			name = Frameworks;
			sourceTree = "<group>";
		};
/* End PBXGroup section */

/* Begin PBXNativeTarget section */
		C1C93ED11CB3FF0200E404E3 /* mailacoconut */ = {
			isa = PBXNativeTarget;
			buildConfigurationList = C1C93EFD1CB3FF0200E404E3 /* Build configuration list for PBXNativeTarget "mailacoconut" */;
			buildPhases = (
				4A0844206FF376F670BA0D8F /* [CP] Check Pods Manifest.lock */,
				C1C93ECE1CB3FF0200E404E3 /* Sources */,
				C1C93ECF1CB3FF0200E404E3 /* Frameworks */,
				C1C93ED01CB3FF0200E404E3 /* Resources */,
				7191FA478380F48472F088D5 /* [CP] Embed Pods Frameworks */,
			);
			buildRules = (
			);
			dependencies = (
			);
			name = mailacoconut;
			productName = "mailacoconut-ios";
			productReference = C1C93ED21CB3FF0200E404E3 /* mailacoconut.app */;
			productType = "com.apple.product-type.application";
		};
		C1C93EE81CB3FF0200E404E3 /* mailacoconutTests */ = {
			isa = PBXNativeTarget;
			buildConfigurationList = C1C93F001CB3FF0200E404E3 /* Build configuration list for PBXNativeTarget "mailacoconutTests" */;
			buildPhases = (
				C1C93EE51CB3FF0200E404E3 /* Sources */,
				C1C93EE61CB3FF0200E404E3 /* Frameworks */,
				C1C93EE71CB3FF0200E404E3 /* Resources */,
			);
			buildRules = (
			);
			dependencies = (
				C1C93EEB1CB3FF0200E404E3 /* PBXTargetDependency */,
			);
			name = mailacoconutTests;
			productName = "mailacoconut-iosTests";
			productReference = C1C93EE91CB3FF0200E404E3 /* mailacoconut.xctest */;
			productType = "com.apple.product-type.bundle.unit-test";
		};
		C1C93EF31CB3FF0200E404E3 /* mailacoconutUITests */ = {
			isa = PBXNativeTarget;
			buildConfigurationList = C1C93F031CB3FF0200E404E3 /* Build configuration list for PBXNativeTarget "mailacoconutUITests" */;
			buildPhases = (
				C1C93EF01CB3FF0200E404E3 /* Sources */,
				C1C93EF11CB3FF0200E404E3 /* Frameworks */,
				C1C93EF21CB3FF0200E404E3 /* Resources */,
			);
			buildRules = (
			);
			dependencies = (
				C1C93EF61CB3FF0200E404E3 /* PBXTargetDependency */,
			);
			name = mailacoconutUITests;
			productName = "mailacoconut-iosUITests";
			productReference = C1C93EF41CB3FF0200E404E3 /* mailacoconut.xctest */;
			productType = "com.apple.product-type.bundle.ui-testing";
		};
/* End PBXNativeTarget section */

/* Begin PBXProject section */
		C1C93ECA1CB3FF0200E404E3 /* Project object */ = {
			isa = PBXProject;
			attributes = {
				LastSwiftUpdateCheck = 0730;
				LastUpgradeCheck = 0730;
				ORGANIZATIONNAME = "NJLIGames Ltd.";
				TargetAttributes = {
					C1C93ED11CB3FF0200E404E3 = {
						CreatedOnToolsVersion = 7.3;
						DevelopmentTeam = SRBQ5SCF5X;
						LastSwiftMigration = 0830;
						SystemCapabilities = {
							com.apple.ApplePay = {
								enabled = 1;
							};
							com.apple.OMC = {
								enabled = 1;
							};
						};
					};
					C1C93EE81CB3FF0200E404E3 = {
						CreatedOnToolsVersion = 7.3;
						LastSwiftMigration = 0830;
						TestTargetID = C1C93ED11CB3FF0200E404E3;
					};
					C1C93EF31CB3FF0200E404E3 = {
						CreatedOnToolsVersion = 7.3;
						LastSwiftMigration = 0830;
						TestTargetID = C1C93ED11CB3FF0200E404E3;
					};
				};
			};
			buildConfigurationList = C1C93ECD1CB3FF0200E404E3 /* Build configuration list for PBXProject "mailacoconut" */;
			compatibilityVersion = "Xcode 3.2";
			developmentRegion = English;
			hasScannedForEncodings = 0;
			knownRegions = (
				en,
				Base,
			);
			mainGroup = C1C93EC91CB3FF0200E404E3;
			productRefGroup = C1C93ED31CB3FF0200E404E3 /* Products */;
			projectDirPath = "";
			projectRoot = "";
			targets = (
				C1C93ED11CB3FF0200E404E3 /* mailacoconut */,
				C1C93EE81CB3FF0200E404E3 /* mailacoconutTests */,
				C1C93EF31CB3FF0200E404E3 /* mailacoconutUITests */,
			);
		};
/* End PBXProject section */

/* Begin PBXResourcesBuildPhase section */
		C1C93ED01CB3FF0200E404E3 /* Resources */ = {
			isa = PBXResourcesBuildPhase;
			buildActionMask = 2147483647;
			files = (
				C1A8211B1CC5AD44009E562B /* Defaults.plist in Resources */,
				C1C93EE31CB3FF0200E404E3 /* LaunchScreen.storyboard in Resources */,
				C1C93EE01CB3FF0200E404E3 /* Assets.xcassets in Resources */,
				C1C93EDB1CB3FF0200E404E3 /* Main.storyboard in Resources */,
			);
			runOnlyForDeploymentPostprocessing = 0;
		};
		C1C93EE71CB3FF0200E404E3 /* Resources */ = {
			isa = PBXResourcesBuildPhase;
			buildActionMask = 2147483647;
			files = (
			);
			runOnlyForDeploymentPostprocessing = 0;
		};
		C1C93EF21CB3FF0200E404E3 /* Resources */ = {
			isa = PBXResourcesBuildPhase;
			buildActionMask = 2147483647;
			files = (
			);
			runOnlyForDeploymentPostprocessing = 0;
		};
/* End PBXResourcesBuildPhase section */

/* Begin PBXShellScriptBuildPhase section */
		4A0844206FF376F670BA0D8F /* [CP] Check Pods Manifest.lock */ = {
			isa = PBXShellScriptBuildPhase;
			buildActionMask = 2147483647;
			files = (
			);
			inputPaths = (
				"${PODS_PODFILE_DIR_PATH}/Podfile.lock",
				"${PODS_ROOT}/Manifest.lock",
			);
			name = "[CP] Check Pods Manifest.lock";
			outputPaths = (
				"$(DERIVED_FILE_DIR)/Pods-mailacoconut-checkManifestLockResult.txt",
			);
			runOnlyForDeploymentPostprocessing = 0;
			shellPath = /bin/sh;
			shellScript = "diff \"${PODS_PODFILE_DIR_PATH}/Podfile.lock\" \"${PODS_ROOT}/Manifest.lock\" > /dev/null\nif [ $? != 0 ] ; then\n    # print error to STDERR\n    echo \"error: The sandbox is not in sync with the Podfile.lock. Run 'pod install' or update your CocoaPods installation.\" >&2\n    exit 1\nfi\n# This output is used by Xcode 'outputs' to avoid re-running this script phase.\necho \"SUCCESS\" > \"${SCRIPT_OUTPUT_FILE_0}\"\n";
			showEnvVarsInLog = 0;
		};
		7191FA478380F48472F088D5 /* [CP] Embed Pods Frameworks */ = {
			isa = PBXShellScriptBuildPhase;
			buildActionMask = 2147483647;
			files = (
			);
			inputPaths = (
				"${SRCROOT}/Pods/Target Support Files/Pods-mailacoconut/Pods-mailacoconut-frameworks.sh",
				"${BUILT_PRODUCTS_DIR}/Stripe/Stripe.framework",
			);
			name = "[CP] Embed Pods Frameworks";
			outputPaths = (
				"${TARGET_BUILD_DIR}/${FRAMEWORKS_FOLDER_PATH}/Stripe.framework",
			);
			runOnlyForDeploymentPostprocessing = 0;
			shellPath = /bin/sh;
			shellScript = "\"${SRCROOT}/Pods/Target Support Files/Pods-mailacoconut/Pods-mailacoconut-frameworks.sh\"\n";
			showEnvVarsInLog = 0;
		};
/* End PBXShellScriptBuildPhase section */

/* Begin PBXSourcesBuildPhase section */
		C1C93ECE1CB3FF0200E404E3 /* Sources */ = {
			isa = PBXSourcesBuildPhase;
			buildActionMask = 2147483647;
			files = (
				C1B3976F1CB5919F00F7272C /* PayPalInitializer.m in Sources */,
				C1C93ED81CB3FF0200E404E3 /* ViewController.swift in Sources */,
				C1A821191CC5574D009E562B /* TutorialViewController.swift in Sources */,
				C1C93ED61CB3FF0200E404E3 /* AppDelegate.swift in Sources */,
				C1C93F0A1CB3FF6500E404E3 /* Address.swift in Sources */,
				C1B397741CB5A60300F7272C /* FlipsideViewController.swift in Sources */,
				C1C93F0C1CB3FF6500E404E3 /* CoconutMessage.swift in Sources */,
				C1C93EDE1CB3FF0200E404E3 /* mailacoconut_ios.xcdatamodeld in Sources */,
				C1C93F0B1CB3FF6500E404E3 /* CoconuMessageCell.swift in Sources */,
				C1B397721CB5929A00F7272C /* PayPalViewController.m in Sources */,
			);
			runOnlyForDeploymentPostprocessing = 0;
		};
		C1C93EE51CB3FF0200E404E3 /* Sources */ = {
			isa = PBXSourcesBuildPhase;
			buildActionMask = 2147483647;
			files = (
				C1C93EEE1CB3FF0200E404E3 /* mailacoconut_iosTests.swift in Sources */,
			);
			runOnlyForDeploymentPostprocessing = 0;
		};
		C1C93EF01CB3FF0200E404E3 /* Sources */ = {
			isa = PBXSourcesBuildPhase;
			buildActionMask = 2147483647;
			files = (
				C1C93EF91CB3FF0200E404E3 /* mailacoconut_iosUITests.swift in Sources */,
			);
			runOnlyForDeploymentPostprocessing = 0;
		};
/* End PBXSourcesBuildPhase section */

/* Begin PBXTargetDependency section */
		C1C93EEB1CB3FF0200E404E3 /* PBXTargetDependency */ = {
			isa = PBXTargetDependency;
			target = C1C93ED11CB3FF0200E404E3 /* mailacoconut */;
			targetProxy = C1C93EEA1CB3FF0200E404E3 /* PBXContainerItemProxy */;
		};
		C1C93EF61CB3FF0200E404E3 /* PBXTargetDependency */ = {
			isa = PBXTargetDependency;
			target = C1C93ED11CB3FF0200E404E3 /* mailacoconut */;
			targetProxy = C1C93EF51CB3FF0200E404E3 /* PBXContainerItemProxy */;
		};
/* End PBXTargetDependency section */

/* Begin PBXVariantGroup section */
		C1C93ED91CB3FF0200E404E3 /* Main.storyboard */ = {
			isa = PBXVariantGroup;
			children = (
				C1C93EDA1CB3FF0200E404E3 /* Base */,
			);
			name = Main.storyboard;
			sourceTree = "<group>";
		};
		C1C93EE11CB3FF0200E404E3 /* LaunchScreen.storyboard */ = {
			isa = PBXVariantGroup;
			children = (
				C1C93EE21CB3FF0200E404E3 /* Base */,
			);
			name = LaunchScreen.storyboard;
			sourceTree = "<group>";
		};
/* End PBXVariantGroup section */

/* Begin XCBuildConfiguration section */
		C1C93EFB1CB3FF0200E404E3 /* Debug */ = {
			isa = XCBuildConfiguration;
			buildSettings = {
				ALWAYS_SEARCH_USER_PATHS = NO;
				CLANG_ANALYZER_NONNULL = YES;
				CLANG_CXX_LANGUAGE_STANDARD = "gnu++0x";
				CLANG_CXX_LIBRARY = "libc++";
				CLANG_ENABLE_MODULES = YES;
				CLANG_ENABLE_OBJC_ARC = YES;
				CLANG_WARN_BOOL_CONVERSION = YES;
				CLANG_WARN_CONSTANT_CONVERSION = YES;
				CLANG_WARN_DIRECT_OBJC_ISA_USAGE = YES_ERROR;
				CLANG_WARN_EMPTY_BODY = YES;
				CLANG_WARN_ENUM_CONVERSION = YES;
				CLANG_WARN_INT_CONVERSION = YES;
				CLANG_WARN_OBJC_ROOT_CLASS = YES_ERROR;
				CLANG_WARN_UNREACHABLE_CODE = YES;
				CLANG_WARN__DUPLICATE_METHOD_MATCH = YES;
				"CODE_SIGN_IDENTITY[sdk=iphoneos*]" = "iPhone Developer";
				COPY_PHASE_STRIP = NO;
				DEBUG_INFORMATION_FORMAT = dwarf;
				ENABLE_STRICT_OBJC_MSGSEND = YES;
				ENABLE_TESTABILITY = YES;
				GCC_C_LANGUAGE_STANDARD = gnu99;
				GCC_DYNAMIC_NO_PIC = NO;
				GCC_NO_COMMON_BLOCKS = YES;
				GCC_OPTIMIZATION_LEVEL = 0;
				GCC_PREPROCESSOR_DEFINITIONS = (
					"DEBUG=1",
					"$(inherited)",
				);
				GCC_WARN_64_TO_32_BIT_CONVERSION = YES;
				GCC_WARN_ABOUT_RETURN_TYPE = YES_ERROR;
				GCC_WARN_UNDECLARED_SELECTOR = YES;
				GCC_WARN_UNINITIALIZED_AUTOS = YES_AGGRESSIVE;
				GCC_WARN_UNUSED_FUNCTION = YES;
				GCC_WARN_UNUSED_VARIABLE = YES;
				IPHONEOS_DEPLOYMENT_TARGET = 9.3;
				MTL_ENABLE_DEBUG_INFO = YES;
				ONLY_ACTIVE_ARCH = YES;
				SDKROOT = iphoneos;
				SWIFT_OPTIMIZATION_LEVEL = "-Onone";
				TARGETED_DEVICE_FAMILY = "1,2";
			};
			name = Debug;
		};
		C1C93EFC1CB3FF0200E404E3 /* Release */ = {
			isa = XCBuildConfiguration;
			buildSettings = {
				ALWAYS_SEARCH_USER_PATHS = NO;
				CLANG_ANALYZER_NONNULL = YES;
				CLANG_CXX_LANGUAGE_STANDARD = "gnu++0x";
				CLANG_CXX_LIBRARY = "libc++";
				CLANG_ENABLE_MODULES = YES;
				CLANG_ENABLE_OBJC_ARC = YES;
				CLANG_WARN_BOOL_CONVERSION = YES;
				CLANG_WARN_CONSTANT_CONVERSION = YES;
				CLANG_WARN_DIRECT_OBJC_ISA_USAGE = YES_ERROR;
				CLANG_WARN_EMPTY_BODY = YES;
				CLANG_WARN_ENUM_CONVERSION = YES;
				CLANG_WARN_INT_CONVERSION = YES;
				CLANG_WARN_OBJC_ROOT_CLASS = YES_ERROR;
				CLANG_WARN_UNREACHABLE_CODE = YES;
				CLANG_WARN__DUPLICATE_METHOD_MATCH = YES;
				"CODE_SIGN_IDENTITY[sdk=iphoneos*]" = "iPhone Developer";
				COPY_PHASE_STRIP = NO;
				DEBUG_INFORMATION_FORMAT = "dwarf-with-dsym";
				ENABLE_NS_ASSERTIONS = NO;
				ENABLE_STRICT_OBJC_MSGSEND = YES;
				GCC_C_LANGUAGE_STANDARD = gnu99;
				GCC_NO_COMMON_BLOCKS = YES;
				GCC_WARN_64_TO_32_BIT_CONVERSION = YES;
				GCC_WARN_ABOUT_RETURN_TYPE = YES_ERROR;
				GCC_WARN_UNDECLARED_SELECTOR = YES;
				GCC_WARN_UNINITIALIZED_AUTOS = YES_AGGRESSIVE;
				GCC_WARN_UNUSED_FUNCTION = YES;
				GCC_WARN_UNUSED_VARIABLE = YES;
				IPHONEOS_DEPLOYMENT_TARGET = 9.3;
				MTL_ENABLE_DEBUG_INFO = NO;
				SDKROOT = iphoneos;
				TARGETED_DEVICE_FAMILY = "1,2";
				VALIDATE_PRODUCT = YES;
			};
			name = Release;
		};
		C1C93EFE1CB3FF0200E404E3 /* Debug */ = {
			isa = XCBuildConfiguration;
			baseConfigurationReference = 6B0FCF117892CE398F7E5173 /* Pods-mailacoconut.debug.xcconfig */;
			buildSettings = {
				ASSETCATALOG_COMPILER_APPICON_NAME = AppIcon;
				ASSETCATALOG_COMPILER_LAUNCHIMAGE_NAME = LaunchImage;
				CODE_SIGN_ENTITLEMENTS = mailacoconut.entitlements;
				DEVELOPMENT_TEAM = SRBQ5SCF5X;
				ENABLE_BITCODE = NO;
				FRAMEWORK_SEARCH_PATHS = (
					"$(inherited)",
					"$(PROJECT_DIR)/mailacoconut-ios",
				);
				INFOPLIST_FILE = "mailacoconut-ios/Info.plist";
				LD_RUNPATH_SEARCH_PATHS = "$(inherited) @executable_path/Frameworks";
				PRODUCT_BUNDLE_IDENTIFIER = "com.njligames.mailacoconut-ios";
				PRODUCT_NAME = mailacoconut;
				SWIFT_OBJC_BRIDGING_HEADER = "$(SRCROOT)/mailacoconut-ios/ApplePaySwag-Bridging-Header.h";
				SWIFT_VERSION = 3.0;
				TARGETED_DEVICE_FAMILY = 1;
			};
			name = Debug;
		};
		C1C93EFF1CB3FF0200E404E3 /* Release */ = {
			isa = XCBuildConfiguration;
			baseConfigurationReference = 9A6306B68EBE84EA908F7123 /* Pods-mailacoconut.release.xcconfig */;
			buildSettings = {
				ASSETCATALOG_COMPILER_APPICON_NAME = AppIcon;
				ASSETCATALOG_COMPILER_LAUNCHIMAGE_NAME = LaunchImage;
				CODE_SIGN_ENTITLEMENTS = mailacoconut.entitlements;
				DEVELOPMENT_TEAM = SRBQ5SCF5X;
				ENABLE_BITCODE = NO;
				FRAMEWORK_SEARCH_PATHS = (
					"$(inherited)",
					"$(PROJECT_DIR)/mailacoconut-ios",
				);
				INFOPLIST_FILE = "mailacoconut-ios/Info.plist";
				LD_RUNPATH_SEARCH_PATHS = "$(inherited) @executable_path/Frameworks";
				PRODUCT_BUNDLE_IDENTIFIER = "com.njligames.mailacoconut-ios";
				PRODUCT_NAME = mailacoconut;
				SWIFT_OBJC_BRIDGING_HEADER = "$(SRCROOT)/mailacoconut-ios/ApplePaySwag-Bridging-Header.h";
				SWIFT_VERSION = 3.0;
				TARGETED_DEVICE_FAMILY = 1;
			};
			name = Release;
		};
		C1C93F011CB3FF0200E404E3 /* Debug */ = {
			isa = XCBuildConfiguration;
			buildSettings = {
				BUNDLE_LOADER = "$(TEST_HOST)";
				FRAMEWORK_SEARCH_PATHS = (
					"$(inherited)",
					"$(PROJECT_DIR)/mailacoconut-ios",
				);
				INFOPLIST_FILE = "mailacoconut-iosTests/Info.plist";
				LD_RUNPATH_SEARCH_PATHS = "$(inherited) @executable_path/Frameworks @loader_path/Frameworks";
				PRODUCT_BUNDLE_IDENTIFIER = "com.njligames.mailacoconut-iosTests";
				PRODUCT_NAME = mailacoconut;
				SWIFT_VERSION = 3.0;
				TEST_HOST = "$(BUILT_PRODUCTS_DIR)/mailacoconut.app/mailacoconut";
			};
			name = Debug;
		};
		C1C93F021CB3FF0200E404E3 /* Release */ = {
			isa = XCBuildConfiguration;
			buildSettings = {
				BUNDLE_LOADER = "$(TEST_HOST)";
				FRAMEWORK_SEARCH_PATHS = (
					"$(inherited)",
					"$(PROJECT_DIR)/mailacoconut-ios",
				);
				INFOPLIST_FILE = "mailacoconut-iosTests/Info.plist";
				LD_RUNPATH_SEARCH_PATHS = "$(inherited) @executable_path/Frameworks @loader_path/Frameworks";
				PRODUCT_BUNDLE_IDENTIFIER = "com.njligames.mailacoconut-iosTests";
				PRODUCT_NAME = mailacoconut;
				SWIFT_VERSION = 3.0;
				TEST_HOST = "$(BUILT_PRODUCTS_DIR)/mailacoconut.app/mailacoconut";
			};
			name = Release;
		};
		C1C93F041CB3FF0200E404E3 /* Debug */ = {
			isa = XCBuildConfiguration;
			buildSettings = {
				FRAMEWORK_SEARCH_PATHS = (
					"$(inherited)",
					"$(PROJECT_DIR)/mailacoconut-ios",
				);
				INFOPLIST_FILE = "mailacoconut-iosUITests/Info.plist";
				LD_RUNPATH_SEARCH_PATHS = "$(inherited) @executable_path/Frameworks @loader_path/Frameworks";
				PRODUCT_BUNDLE_IDENTIFIER = "com.njligames.mailacoconut-iosUITests";
				PRODUCT_NAME = mailacoconut;
				SWIFT_VERSION = 3.0;
				TEST_TARGET_NAME = "mailacoconut-ios";
			};
			name = Debug;
		};
		C1C93F051CB3FF0200E404E3 /* Release */ = {
			isa = XCBuildConfiguration;
			buildSettings = {
				FRAMEWORK_SEARCH_PATHS = (
					"$(inherited)",
					"$(PROJECT_DIR)/mailacoconut-ios",
				);
				INFOPLIST_FILE = "mailacoconut-iosUITests/Info.plist";
				LD_RUNPATH_SEARCH_PATHS = "$(inherited) @executable_path/Frameworks @loader_path/Frameworks";
				PRODUCT_BUNDLE_IDENTIFIER = "com.njligames.mailacoconut-iosUITests";
				PRODUCT_NAME = mailacoconut;
				SWIFT_VERSION = 3.0;
				TEST_TARGET_NAME = "mailacoconut-ios";
			};
			name = Release;
		};
/* End XCBuildConfiguration section */

/* Begin XCConfigurationList section */
		C1C93ECD1CB3FF0200E404E3 /* Build configuration list for PBXProject "mailacoconut" */ = {
			isa = XCConfigurationList;
			buildConfigurations = (
				C1C93EFB1CB3FF0200E404E3 /* Debug */,
				C1C93EFC1CB3FF0200E404E3 /* Release */,
			);
			defaultConfigurationIsVisible = 0;
			defaultConfigurationName = Release;
		};
		C1C93EFD1CB3FF0200E404E3 /* Build configuration list for PBXNativeTarget "mailacoconut" */ = {
			isa = XCConfigurationList;
			buildConfigurations = (
				C1C93EFE1CB3FF0200E404E3 /* Debug */,
				C1C93EFF1CB3FF0200E404E3 /* Release */,
			);
			defaultConfigurationIsVisible = 0;
			defaultConfigurationName = Release;
		};
		C1C93F001CB3FF0200E404E3 /* Build configuration list for PBXNativeTarget "mailacoconutTests" */ = {
			isa = XCConfigurationList;
			buildConfigurations = (
				C1C93F011CB3FF0200E404E3 /* Debug */,
				C1C93F021CB3FF0200E404E3 /* Release */,
			);
			defaultConfigurationIsVisible = 0;
			defaultConfigurationName = Release;
		};
		C1C93F031CB3FF0200E404E3 /* Build configuration list for PBXNativeTarget "mailacoconutUITests" */ = {
			isa = XCConfigurationList;
			buildConfigurations = (
				C1C93F041CB3FF0200E404E3 /* Debug */,
				C1C93F051CB3FF0200E404E3 /* Release */,
			);
			defaultConfigurationIsVisible = 0;
			defaultConfigurationName = Release;
		};
/* End XCConfigurationList section */

/* Begin XCVersionGroup section */
		C1C93EDC1CB3FF0200E404E3 /* mailacoconut_ios.xcdatamodeld */ = {
			isa = XCVersionGroup;
			children = (
				C1C93EDD1CB3FF0200E404E3 /* mailacoconut_ios.xcdatamodel */,
			);
			currentVersion = C1C93EDD1CB3FF0200E404E3 /* mailacoconut_ios.xcdatamodel */;
			path = mailacoconut_ios.xcdatamodeld;
			sourceTree = "<group>";
			versionGroupType = wrapper.xcdatamodel;
		};
/* End XCVersionGroup section */
	};
	rootObject = C1C93ECA1CB3FF0200E404E3 /* Project object */;
}
